
Microsoft Visual Studio Solution File, Format Version 12.00
Project("{FAE04EC0-301F-11D3-BF4B-00C04F79EFBC}") = "cs322-dz14-nikola_tasic_3698", "cs322-dz14-nikola_tasic_3698.csproj", "{4472BBCD-EE8E-4E21-9DA9-25C44737643D}"
EndProject
Global
	GlobalSection(SolutionConfigurationPlatforms) = preSolution
		Debug|Any CPU = Debug|Any CPU
		Release|Any CPU = Release|Any CPU
	EndGlobalSection
	GlobalSection(ProjectConfigurationPlatforms) = postSolution
		{4472BBCD-EE8E-4E21-9DA9-25C44737643D}.Debug|Any CPU.ActiveCfg = Debug|Any CPU
		{4472BBCD-EE8E-4E21-9DA9-25C44737643D}.Debug|Any CPU.Build.0 = Debug|Any CPU
		{4472BBCD-EE8E-4E21-9DA9-25C44737643D}.Release|Any CPU.ActiveCfg = Release|Any CPU
		{4472BBCD-EE8E-4E21-9DA9-25C44737643D}.Release|Any CPU.Build.0 = Release|Any CPU
	EndGlobalSection
EndGlobal
