
Microsoft Visual Studio Solution File, Format Version 12.00
Project("{FAE04EC0-301F-11D3-BF4B-00C04F79EFBC}") = "cs322-dz12-nikola_tasic_3698", "cs322-dz12-nikola_tasic_3698.csproj", "{9FCEE04B-DE92-4E4D-9E49-A484E6A6A040}"
EndProject
Global
	GlobalSection(SolutionConfigurationPlatforms) = preSolution
		Debug|Any CPU = Debug|Any CPU
		Release|Any CPU = Release|Any CPU
	EndGlobalSection
	GlobalSection(ProjectConfigurationPlatforms) = postSolution
		{9FCEE04B-DE92-4E4D-9E49-A484E6A6A040}.Debug|Any CPU.ActiveCfg = Debug|Any CPU
		{9FCEE04B-DE92-4E4D-9E49-A484E6A6A040}.Debug|Any CPU.Build.0 = Debug|Any CPU
		{9FCEE04B-DE92-4E4D-9E49-A484E6A6A040}.Release|Any CPU.ActiveCfg = Release|Any CPU
		{9FCEE04B-DE92-4E4D-9E49-A484E6A6A040}.Release|Any CPU.Build.0 = Release|Any CPU
	EndGlobalSection
EndGlobal
