
Microsoft Visual Studio Solution File, Format Version 12.00
Project("{FAE04EC0-301F-11D3-BF4B-00C04F79EFBC}") = "cs322-dz07-nikola_tasic_3698", "cs322-dz07-nikola_tasic_3698.csproj", "{9AA43022-27F1-47A8-AA9A-89C511EE398D}"
EndProject
Global
	GlobalSection(SolutionConfigurationPlatforms) = preSolution
		Debug|Any CPU = Debug|Any CPU
		Release|Any CPU = Release|Any CPU
	EndGlobalSection
	GlobalSection(ProjectConfigurationPlatforms) = postSolution
		{9AA43022-27F1-47A8-AA9A-89C511EE398D}.Debug|Any CPU.ActiveCfg = Debug|Any CPU
		{9AA43022-27F1-47A8-AA9A-89C511EE398D}.Debug|Any CPU.Build.0 = Debug|Any CPU
		{9AA43022-27F1-47A8-AA9A-89C511EE398D}.Release|Any CPU.ActiveCfg = Release|Any CPU
		{9AA43022-27F1-47A8-AA9A-89C511EE398D}.Release|Any CPU.Build.0 = Release|Any CPU
	EndGlobalSection
EndGlobal
