
Microsoft Visual Studio Solution File, Format Version 12.00
Project("{FAE04EC0-301F-11D3-BF4B-00C04F79EFBC}") = "cs322-dz05-nikola_tasic_3698", "cs322-dz05-nikola_tasic_3698.csproj", "{9E45BD3A-C49B-4550-99F2-F1A55227DDC6}"
EndProject
Global
	GlobalSection(SolutionConfigurationPlatforms) = preSolution
		Debug|Any CPU = Debug|Any CPU
		Release|Any CPU = Release|Any CPU
	EndGlobalSection
	GlobalSection(ProjectConfigurationPlatforms) = postSolution
		{9E45BD3A-C49B-4550-99F2-F1A55227DDC6}.Debug|Any CPU.ActiveCfg = Debug|Any CPU
		{9E45BD3A-C49B-4550-99F2-F1A55227DDC6}.Debug|Any CPU.Build.0 = Debug|Any CPU
		{9E45BD3A-C49B-4550-99F2-F1A55227DDC6}.Release|Any CPU.ActiveCfg = Release|Any CPU
		{9E45BD3A-C49B-4550-99F2-F1A55227DDC6}.Release|Any CPU.Build.0 = Release|Any CPU
	EndGlobalSection
EndGlobal
